
Microsoft Visual Studio Solution File, Format Version 12.00
# Visual Studio 15
VisualStudioVersion = 15.0.27004.2006
MinimumVisualStudioVersion = 10.0.40219.1
Project("{FAE04EC0-301F-11D3-BF4B-00C04F79EFBC}") = "WebApplication1", "WebApplication1\WebApplication1.csproj", "{A6CFCCAE-528B-4CF6-B02D-53F4D186A752}"
EndProject
Project("{E53339B2-1760-4266-BCC7-CA923CBCF16C}") = "docker-compose", "docker-compose.dcproj", "{673A3550-272F-41F3-9CAC-57047D92BF8F}"
EndProject
Global
	GlobalSection(SolutionConfigurationPlatforms) = preSolution
		Debug|Any CPU = Debug|Any CPU
		Release|Any CPU = Release|Any CPU
	EndGlobalSection
	GlobalSection(ProjectConfigurationPlatforms) = postSolution
		{A6CFCCAE-528B-4CF6-B02D-53F4D186A752}.Debug|Any CPU.ActiveCfg = Debug|Any CPU
		{A6CFCCAE-528B-4CF6-B02D-53F4D186A752}.Debug|Any CPU.Build.0 = Debug|Any CPU
		{A6CFCCAE-528B-4CF6-B02D-53F4D186A752}.Release|Any CPU.ActiveCfg = Release|Any CPU
		{A6CFCCAE-528B-4CF6-B02D-53F4D186A752}.Release|Any CPU.Build.0 = Release|Any CPU
		{673A3550-272F-41F3-9CAC-57047D92BF8F}.Debug|Any CPU.ActiveCfg = Debug|Any CPU
		{673A3550-272F-41F3-9CAC-57047D92BF8F}.Debug|Any CPU.Build.0 = Debug|Any CPU
		{673A3550-272F-41F3-9CAC-57047D92BF8F}.Release|Any CPU.ActiveCfg = Release|Any CPU
		{673A3550-272F-41F3-9CAC-57047D92BF8F}.Release|Any CPU.Build.0 = Release|Any CPU
	EndGlobalSection
	GlobalSection(SolutionProperties) = preSolution
		HideSolutionNode = FALSE
	EndGlobalSection
	GlobalSection(ExtensibilityGlobals) = postSolution
		SolutionGuid = {C497D173-3BE6-437E-BA69-E1CCBEC70E84}
	EndGlobalSection
EndGlobal
